
Microsoft Visual Studio Solution File, Format Version 12.00
# Visual Studio Version 17
VisualStudioVersion = 17.1.32210.238
MinimumVisualStudioVersion = 10.0.40219.1
Project("{FAE04EC0-301F-11D3-BF4B-00C04F79EFBC}") = "ClientApp", "ClientApp\ClientApp.csproj", "{FB334744-A3D7-4702-92F5-041A24374D3F}"
EndProject
Global
	GlobalSection(SolutionConfigurationPlatforms) = preSolution
		Debug|Any CPU = Debug|Any CPU
		Release|Any CPU = Release|Any CPU
	EndGlobalSection
	GlobalSection(ProjectConfigurationPlatforms) = postSolution
		{FB334744-A3D7-4702-92F5-041A24374D3F}.Debug|Any CPU.ActiveCfg = Debug|Any CPU
		{FB334744-A3D7-4702-92F5-041A24374D3F}.Debug|Any CPU.Build.0 = Debug|Any CPU
		{FB334744-A3D7-4702-92F5-041A24374D3F}.Release|Any CPU.ActiveCfg = Release|Any CPU
		{FB334744-A3D7-4702-92F5-041A24374D3F}.Release|Any CPU.Build.0 = Release|Any CPU
	EndGlobalSection
	GlobalSection(SolutionProperties) = preSolution
		HideSolutionNode = FALSE
	EndGlobalSection
	GlobalSection(ExtensibilityGlobals) = postSolution
		SolutionGuid = {06CCCFC9-CE71-4DD4-B69E-3488D866AFF8}
	EndGlobalSection
EndGlobal
