
Microsoft Visual Studio Solution File, Format Version 12.00
# Visual Studio Version 17
VisualStudioVersion = 17.0.32112.339
MinimumVisualStudioVersion = 10.0.40219.1
Project("{FAE04EC0-301F-11D3-BF4B-00C04F79EFBC}") = "PrimeNumberRange", "PrimeNumberRange\PrimeNumberRange.csproj", "{469BB580-3199-4295-A638-C717AC330089}"
EndProject
Global
	GlobalSection(SolutionConfigurationPlatforms) = preSolution
		Debug|Any CPU = Debug|Any CPU
		Release|Any CPU = Release|Any CPU
	EndGlobalSection
	GlobalSection(ProjectConfigurationPlatforms) = postSolution
		{469BB580-3199-4295-A638-C717AC330089}.Debug|Any CPU.ActiveCfg = Debug|Any CPU
		{469BB580-3199-4295-A638-C717AC330089}.Debug|Any CPU.Build.0 = Debug|Any CPU
		{469BB580-3199-4295-A638-C717AC330089}.Release|Any CPU.ActiveCfg = Release|Any CPU
		{469BB580-3199-4295-A638-C717AC330089}.Release|Any CPU.Build.0 = Release|Any CPU
	EndGlobalSection
	GlobalSection(SolutionProperties) = preSolution
		HideSolutionNode = FALSE
	EndGlobalSection
	GlobalSection(ExtensibilityGlobals) = postSolution
		SolutionGuid = {F8B65E56-E9F7-4CD1-8921-905653C01ADD}
	EndGlobalSection
EndGlobal
