
Microsoft Visual Studio Solution File, Format Version 12.00
# Visual Studio Version 17
VisualStudioVersion = 17.0.32112.339
MinimumVisualStudioVersion = 10.0.40219.1
Project("{FAE04EC0-301F-11D3-BF4B-00C04F79EFBC}") = "Day18Project1", "Day18Project1\Day18Project1.csproj", "{1D8F49D0-0864-46F7-A451-5F5A2F1FA3C2}"
EndProject
Project("{FAE04EC0-301F-11D3-BF4B-00C04F79EFBC}") = "AnushaLibrary", "AnushaLibrary\AnushaLibrary.csproj", "{C5EE4375-A921-4EA7-A7AC-296F9BA54356}"
EndProject
Project("{FAE04EC0-301F-11D3-BF4B-00C04F79EFBC}") = "MyWindowsForms", "MyWindowsForms\MyWindowsForms.csproj", "{B78D1C9F-68B4-41DF-871B-7492E546159F}"
EndProject
Global
	GlobalSection(SolutionConfigurationPlatforms) = preSolution
		Debug|Any CPU = Debug|Any CPU
		Release|Any CPU = Release|Any CPU
	EndGlobalSection
	GlobalSection(ProjectConfigurationPlatforms) = postSolution
		{1D8F49D0-0864-46F7-A451-5F5A2F1FA3C2}.Debug|Any CPU.ActiveCfg = Debug|Any CPU
		{1D8F49D0-0864-46F7-A451-5F5A2F1FA3C2}.Debug|Any CPU.Build.0 = Debug|Any CPU
		{1D8F49D0-0864-46F7-A451-5F5A2F1FA3C2}.Release|Any CPU.ActiveCfg = Release|Any CPU
		{1D8F49D0-0864-46F7-A451-5F5A2F1FA3C2}.Release|Any CPU.Build.0 = Release|Any CPU
		{C5EE4375-A921-4EA7-A7AC-296F9BA54356}.Debug|Any CPU.ActiveCfg = Debug|Any CPU
		{C5EE4375-A921-4EA7-A7AC-296F9BA54356}.Debug|Any CPU.Build.0 = Debug|Any CPU
		{C5EE4375-A921-4EA7-A7AC-296F9BA54356}.Release|Any CPU.ActiveCfg = Release|Any CPU
		{C5EE4375-A921-4EA7-A7AC-296F9BA54356}.Release|Any CPU.Build.0 = Release|Any CPU
		{B78D1C9F-68B4-41DF-871B-7492E546159F}.Debug|Any CPU.ActiveCfg = Debug|Any CPU
		{B78D1C9F-68B4-41DF-871B-7492E546159F}.Debug|Any CPU.Build.0 = Debug|Any CPU
		{B78D1C9F-68B4-41DF-871B-7492E546159F}.Release|Any CPU.ActiveCfg = Release|Any CPU
		{B78D1C9F-68B4-41DF-871B-7492E546159F}.Release|Any CPU.Build.0 = Release|Any CPU
	EndGlobalSection
	GlobalSection(SolutionProperties) = preSolution
		HideSolutionNode = FALSE
	EndGlobalSection
	GlobalSection(ExtensibilityGlobals) = postSolution
		SolutionGuid = {C13C5547-9AF9-42F5-880C-F4A4815418DE}
	EndGlobalSection
EndGlobal
