
Microsoft Visual Studio Solution File, Format Version 12.00
# Visual Studio Version 17
VisualStudioVersion = 17.0.32112.339
MinimumVisualStudioVersion = 10.0.40219.1
Project("{FAE04EC0-301F-11D3-BF4B-00C04F79EFBC}") = "Day16Project1", "Day16Project1\Day16Project1.csproj", "{B4D3F7A3-B09A-412A-BACB-FD1A1ED77ADE}"
EndProject
Global
	GlobalSection(SolutionConfigurationPlatforms) = preSolution
		Debug|Any CPU = Debug|Any CPU
		Release|Any CPU = Release|Any CPU
	EndGlobalSection
	GlobalSection(ProjectConfigurationPlatforms) = postSolution
		{B4D3F7A3-B09A-412A-BACB-FD1A1ED77ADE}.Debug|Any CPU.ActiveCfg = Debug|Any CPU
		{B4D3F7A3-B09A-412A-BACB-FD1A1ED77ADE}.Debug|Any CPU.Build.0 = Debug|Any CPU
		{B4D3F7A3-B09A-412A-BACB-FD1A1ED77ADE}.Release|Any CPU.ActiveCfg = Release|Any CPU
		{B4D3F7A3-B09A-412A-BACB-FD1A1ED77ADE}.Release|Any CPU.Build.0 = Release|Any CPU
	EndGlobalSection
	GlobalSection(SolutionProperties) = preSolution
		HideSolutionNode = FALSE
	EndGlobalSection
	GlobalSection(ExtensibilityGlobals) = postSolution
		SolutionGuid = {D09BB08D-73C7-4F2F-B693-6E6EBF69A856}
	EndGlobalSection
EndGlobal
