
Microsoft Visual Studio Solution File, Format Version 12.00
# Visual Studio Version 17
VisualStudioVersion = 17.0.32112.339
MinimumVisualStudioVersion = 10.0.40219.1
Project("{FAE04EC0-301F-11D3-BF4B-00C04F79EFBC}") = "ConsoleApp2", "ConsoleApp2\ConsoleApp2.csproj", "{AB61C667-1F0F-45BB-8A21-8C1ECF9AA7E0}"
EndProject
Global
	GlobalSection(SolutionConfigurationPlatforms) = preSolution
		Debug|Any CPU = Debug|Any CPU
		Release|Any CPU = Release|Any CPU
	EndGlobalSection
	GlobalSection(ProjectConfigurationPlatforms) = postSolution
		{AB61C667-1F0F-45BB-8A21-8C1ECF9AA7E0}.Debug|Any CPU.ActiveCfg = Debug|Any CPU
		{AB61C667-1F0F-45BB-8A21-8C1ECF9AA7E0}.Debug|Any CPU.Build.0 = Debug|Any CPU
		{AB61C667-1F0F-45BB-8A21-8C1ECF9AA7E0}.Release|Any CPU.ActiveCfg = Release|Any CPU
		{AB61C667-1F0F-45BB-8A21-8C1ECF9AA7E0}.Release|Any CPU.Build.0 = Release|Any CPU
	EndGlobalSection
	GlobalSection(SolutionProperties) = preSolution
		HideSolutionNode = FALSE
	EndGlobalSection
	GlobalSection(ExtensibilityGlobals) = postSolution
		SolutionGuid = {94B9BC0D-16A2-489E-9E3B-1BF9EECBC8EB}
	EndGlobalSection
EndGlobal
