
Microsoft Visual Studio Solution File, Format Version 12.00
# Visual Studio Version 17
VisualStudioVersion = 17.0.32112.339
MinimumVisualStudioVersion = 10.0.40219.1
Project("{FAE04EC0-301F-11D3-BF4B-00C04F79EFBC}") = "Day15Project4", "Day15Project4\Day15Project4.csproj", "{53D7163A-C0D3-4431-A9DD-463EDE0AECA3}"
EndProject
Global
	GlobalSection(SolutionConfigurationPlatforms) = preSolution
		Debug|Any CPU = Debug|Any CPU
		Release|Any CPU = Release|Any CPU
	EndGlobalSection
	GlobalSection(ProjectConfigurationPlatforms) = postSolution
		{53D7163A-C0D3-4431-A9DD-463EDE0AECA3}.Debug|Any CPU.ActiveCfg = Debug|Any CPU
		{53D7163A-C0D3-4431-A9DD-463EDE0AECA3}.Debug|Any CPU.Build.0 = Debug|Any CPU
		{53D7163A-C0D3-4431-A9DD-463EDE0AECA3}.Release|Any CPU.ActiveCfg = Release|Any CPU
		{53D7163A-C0D3-4431-A9DD-463EDE0AECA3}.Release|Any CPU.Build.0 = Release|Any CPU
	EndGlobalSection
	GlobalSection(SolutionProperties) = preSolution
		HideSolutionNode = FALSE
	EndGlobalSection
	GlobalSection(ExtensibilityGlobals) = postSolution
		SolutionGuid = {6D00E725-C98C-44E8-9E3B-3B9A0592B5DB}
	EndGlobalSection
EndGlobal
