
Microsoft Visual Studio Solution File, Format Version 12.00
# Visual Studio Version 17
VisualStudioVersion = 17.0.32112.339
MinimumVisualStudioVersion = 10.0.40219.1
Project("{FAE04EC0-301F-11D3-BF4B-00C04F79EFBC}") = "Day15Project5", "Day15Project5\Day15Project5.csproj", "{4FAFF11C-3410-4634-AF17-65E63AAC158E}"
EndProject
Global
	GlobalSection(SolutionConfigurationPlatforms) = preSolution
		Debug|Any CPU = Debug|Any CPU
		Release|Any CPU = Release|Any CPU
	EndGlobalSection
	GlobalSection(ProjectConfigurationPlatforms) = postSolution
		{4FAFF11C-3410-4634-AF17-65E63AAC158E}.Debug|Any CPU.ActiveCfg = Debug|Any CPU
		{4FAFF11C-3410-4634-AF17-65E63AAC158E}.Debug|Any CPU.Build.0 = Debug|Any CPU
		{4FAFF11C-3410-4634-AF17-65E63AAC158E}.Release|Any CPU.ActiveCfg = Release|Any CPU
		{4FAFF11C-3410-4634-AF17-65E63AAC158E}.Release|Any CPU.Build.0 = Release|Any CPU
	EndGlobalSection
	GlobalSection(SolutionProperties) = preSolution
		HideSolutionNode = FALSE
	EndGlobalSection
	GlobalSection(ExtensibilityGlobals) = postSolution
		SolutionGuid = {0FE56341-55D9-4247-BAD0-64A511C35F83}
	EndGlobalSection
EndGlobal
